
Microsoft Visual Studio Solution File, Format Version 12.00
# Visual Studio 2012
Project("{FAE04EC0-301F-11D3-BF4B-00C04F79EFBC}") = "WebDriveApi", "WebDriveApi\WebDriveApi.csproj", "{A94E1EF0-83BA-454C-9DCA-248A41E3561E}"
EndProject
Project("{FAE04EC0-301F-11D3-BF4B-00C04F79EFBC}") = "WebDriveApi.Tests", "WebDriveApi.Tests\WebDriveApi.Tests.csproj", "{D32D4BDC-99E8-4B31-8768-B3FCD0C7FA40}"
EndProject
Project("{FAE04EC0-301F-11D3-BF4B-00C04F79EFBC}") = "WebDriveApi.Domain", "WebDriveApi.Domain\WebDriveApi.Domain.csproj", "{CDD8F769-CC91-4D5D-A808-57C0C7DD92D5}"
EndProject
Global
	GlobalSection(SolutionConfigurationPlatforms) = preSolution
		Debug|Any CPU = Debug|Any CPU
		Release|Any CPU = Release|Any CPU
	EndGlobalSection
	GlobalSection(ProjectConfigurationPlatforms) = postSolution
		{A94E1EF0-83BA-454C-9DCA-248A41E3561E}.Debug|Any CPU.ActiveCfg = Debug|Any CPU
		{A94E1EF0-83BA-454C-9DCA-248A41E3561E}.Debug|Any CPU.Build.0 = Debug|Any CPU
		{A94E1EF0-83BA-454C-9DCA-248A41E3561E}.Release|Any CPU.ActiveCfg = Release|Any CPU
		{A94E1EF0-83BA-454C-9DCA-248A41E3561E}.Release|Any CPU.Build.0 = Release|Any CPU
		{D32D4BDC-99E8-4B31-8768-B3FCD0C7FA40}.Debug|Any CPU.ActiveCfg = Debug|Any CPU
		{D32D4BDC-99E8-4B31-8768-B3FCD0C7FA40}.Debug|Any CPU.Build.0 = Debug|Any CPU
		{D32D4BDC-99E8-4B31-8768-B3FCD0C7FA40}.Release|Any CPU.ActiveCfg = Release|Any CPU
		{D32D4BDC-99E8-4B31-8768-B3FCD0C7FA40}.Release|Any CPU.Build.0 = Release|Any CPU
		{CDD8F769-CC91-4D5D-A808-57C0C7DD92D5}.Debug|Any CPU.ActiveCfg = Debug|Any CPU
		{CDD8F769-CC91-4D5D-A808-57C0C7DD92D5}.Debug|Any CPU.Build.0 = Debug|Any CPU
		{CDD8F769-CC91-4D5D-A808-57C0C7DD92D5}.Release|Any CPU.ActiveCfg = Release|Any CPU
		{CDD8F769-CC91-4D5D-A808-57C0C7DD92D5}.Release|Any CPU.Build.0 = Release|Any CPU
	EndGlobalSection
	GlobalSection(SolutionProperties) = preSolution
		HideSolutionNode = FALSE
	EndGlobalSection
EndGlobal
